{
  "name": "opvoedmaatje-api",
  "version": "1.0.0",
  "lockfileVersion": 3,
  "requires": true,
  "packages": {
    "": {
      "name": "opvoedmaatje-api",
      "version": "1.0.0",
      "dependencies": {
        "openai": "^4.20.1"
      },
      "devDependencies": {
        "@azure/functions": "^4.0.0"
      }
    }
  }
}
